<Solution>
  <Project Path="Elringus.Naninovel.Runtime.csproj" />
  <Project Path="UniGLTF.Editor.csproj" />
  <Project Path="NaughtyAttributes.Test.csproj" />
  <Project Path="NaughtyAttributes.Core.csproj" />
  <Project Path="Elringus.Naninovel.Editor.csproj" />
  <Project Path="UniGLTF.Tests.csproj" />
  <Project Path="Game.csproj" />
  <Project Path="Kybernetik.Animancer.csproj" />
  <Project Path="UniGLTF.csproj" />
  <Project Path="Assembly-CSharp.csproj" />
  <Project Path="VRM.Tests.csproj" />
  <Project Path="Kybernetik.Animancer.Samples.csproj" />
  <Project Path="UniHumanoid.csproj" />
  <Project Path="Kybernetik.Animancer.Editor.csproj" />
  <Project Path="NaughtyAttributes.Editor.csproj" />
  <Project Path="VRM.csproj" />
  <Project Path="Prefab Palette.csproj" />
  <Project Path="Elringus.Naninovel.E2E.csproj" />
  <Project Path="UniHumanoid.Editor.csproj" />
  <Project Path="UniVRM.Editor.csproj" />
  <Project Path="Unity.AI.Navigation.Samples.csproj" />
  <Project Path="DOTween.Modules.csproj" />
  <Project Path="FullscreenEditor.csproj" />
  <Project Path="Kybernetik.Animancer.FSM.csproj" />
  <Project Path="UMotionSourceEditor.csproj" />
  <Project Path="Assembly-CSharp-Editor.csproj" />
  <Project Path="VRM.Samples.Editor.Tests.csproj" />
  <Project Path="UniGLTF.Utils.csproj" />
  <Project Path="SpringBoneJobs.csproj" />
  <Project Path="UniGLTF.UniUnlit.csproj" />
  <Project Path="Unity.AI.Navigation.Samples.Initialization.Editor.csproj" />
  <Project Path="KinematicCharacterController.Editor.csproj" />
  <Project Path="KinematicCharacterController.csproj" />
  <Project Path="Game.Editor.csproj" />
  <Project Path="MToon.csproj" />
  <Project Path="MToon.Editor.csproj" />
  <Project Path="UniGLTF.UniUnlit.Editor.csproj" />
  <Project Path="UMotionSourceApplication.csproj" />
  <Project Path="UniHumanoid.Editor.Tests.csproj" />
</Solution>
